// !$*UTF8*$!
{
	archiveVersion = 1;
	classes = {
	};
	objectVersion = 51;
	objects = {

/* Begin PBXBuildFile section */
		673D6F0BF824449DD80D5470 /* Pods_CariPilem.framework in Frameworks */ = {isa = PBXBuildFile; fileRef = C90BAFB86FFD59BED85008FB /* Pods_CariPilem.framework */; };
		BA079E4226CFC1BF006E1EE2 /* ReviewViewController.swift in Sources */ = {isa = PBXBuildFile; fileRef = BA079E4026CFC1BF006E1EE2 /* ReviewViewController.swift */; };
		BA079E4326CFC1BF006E1EE2 /* ReviewViewController.xib in Resources */ = {isa = PBXBuildFile; fileRef = BA079E4126CFC1BF006E1EE2 /* ReviewViewController.xib */; };
		BA079E4726CFC247006E1EE2 /* ReviewTableViewCell.swift in Sources */ = {isa = PBXBuildFile; fileRef = BA079E4526CFC247006E1EE2 /* ReviewTableViewCell.swift */; };
		BA079E4826CFC247006E1EE2 /* ReviewTableViewCell.xib in Resources */ = {isa = PBXBuildFile; fileRef = BA079E4626CFC247006E1EE2 /* ReviewTableViewCell.xib */; };
		BA079E4A26CFC469006E1EE2 /* MovieReviewViewModel.swift in Sources */ = {isa = PBXBuildFile; fileRef = BA079E4926CFC469006E1EE2 /* MovieReviewViewModel.swift */; };
		BA079E4C26CFC488006E1EE2 /* MovieReviewModel.swift in Sources */ = {isa = PBXBuildFile; fileRef = BA079E4B26CFC488006E1EE2 /* MovieReviewModel.swift */; };
		BAAB66FC26CCD6D900CC0C6C /* AppDelegate.swift in Sources */ = {isa = PBXBuildFile; fileRef = BAAB66FB26CCD6D900CC0C6C /* AppDelegate.swift */; };
		BAAB66FE26CCD6D900CC0C6C /* SceneDelegate.swift in Sources */ = {isa = PBXBuildFile; fileRef = BAAB66FD26CCD6D900CC0C6C /* SceneDelegate.swift */; };
		BAAB670026CCD6D900CC0C6C /* GenreViewController.swift in Sources */ = {isa = PBXBuildFile; fileRef = BAAB66FF26CCD6D900CC0C6C /* GenreViewController.swift */; };
		BAAB670326CCD6D900CC0C6C /* Main.storyboard in Resources */ = {isa = PBXBuildFile; fileRef = BAAB670126CCD6D900CC0C6C /* Main.storyboard */; };
		BAAB670526CCD6DC00CC0C6C /* Assets.xcassets in Resources */ = {isa = PBXBuildFile; fileRef = BAAB670426CCD6DC00CC0C6C /* Assets.xcassets */; };
		BAAB670826CCD6DC00CC0C6C /* LaunchScreen.storyboard in Resources */ = {isa = PBXBuildFile; fileRef = BAAB670626CCD6DC00CC0C6C /* LaunchScreen.storyboard */; };
		BAAB671026CCDB3100CC0C6C /* Networking.swift in Sources */ = {isa = PBXBuildFile; fileRef = BAAB670F26CCDB3100CC0C6C /* Networking.swift */; };
		BAAB671326CCDD8B00CC0C6C /* MovieGenreViewModel.swift in Sources */ = {isa = PBXBuildFile; fileRef = BAAB671226CCDD8B00CC0C6C /* MovieGenreViewModel.swift */; };
		BAAB671526CCDE1300CC0C6C /* Constants.swift in Sources */ = {isa = PBXBuildFile; fileRef = BAAB671426CCDE1300CC0C6C /* Constants.swift */; };
		BAAB671926CCDE9D00CC0C6C /* MovieGenreModel.swift in Sources */ = {isa = PBXBuildFile; fileRef = BAAB671826CCDE9D00CC0C6C /* MovieGenreModel.swift */; };
		BAAB671C26CCF84900CC0C6C /* HomeViewController.swift in Sources */ = {isa = PBXBuildFile; fileRef = BAAB671B26CCF84900CC0C6C /* HomeViewController.swift */; };
		BAAB671E26CD09C900CC0C6C /* MovieListModel.swift in Sources */ = {isa = PBXBuildFile; fileRef = BAAB671D26CD09C900CC0C6C /* MovieListModel.swift */; };
		BAAB672026CD0B7E00CC0C6C /* MovieListViewModel.swift in Sources */ = {isa = PBXBuildFile; fileRef = BAAB671F26CD0B7E00CC0C6C /* MovieListViewModel.swift */; };
		BAAB672726CD298B00CC0C6C /* GenreViewController.xib in Resources */ = {isa = PBXBuildFile; fileRef = BAAB672426CD262500CC0C6C /* GenreViewController.xib */; };
		BAAB672B26CE259100CC0C6C /* MovieTableViewCell.swift in Sources */ = {isa = PBXBuildFile; fileRef = BAAB672926CE259100CC0C6C /* MovieTableViewCell.swift */; };
		BAAB672C26CE259100CC0C6C /* MovieTableViewCell.xib in Resources */ = {isa = PBXBuildFile; fileRef = BAAB672A26CE259100CC0C6C /* MovieTableViewCell.xib */; };
		BAAB672F26CE96F400CC0C6C /* MovieDetailViewController.swift in Sources */ = {isa = PBXBuildFile; fileRef = BAAB672D26CE96F400CC0C6C /* MovieDetailViewController.swift */; };
		BAAB673026CE96F400CC0C6C /* MovieDetailViewController.xib in Resources */ = {isa = PBXBuildFile; fileRef = BAAB672E26CE96F400CC0C6C /* MovieDetailViewController.xib */; };
		BAAB673226CF8C8500CC0C6C /* MovieDetailViewModel.swift in Sources */ = {isa = PBXBuildFile; fileRef = BAAB673126CF8C8500CC0C6C /* MovieDetailViewModel.swift */; };
		BAAB673426CF8CCA00CC0C6C /* MovieDetailModel.swift in Sources */ = {isa = PBXBuildFile; fileRef = BAAB673326CF8CCA00CC0C6C /* MovieDetailModel.swift */; };
/* End PBXBuildFile section */

/* Begin PBXFileReference section */
		A3D75F49E46A0AEFD6BCEC58 /* Pods-CariPilem.debug.xcconfig */ = {isa = PBXFileReference; includeInIndex = 1; lastKnownFileType = text.xcconfig; name = "Pods-CariPilem.debug.xcconfig"; path = "Target Support Files/Pods-CariPilem/Pods-CariPilem.debug.xcconfig"; sourceTree = "<group>"; };
		BA079E4026CFC1BF006E1EE2 /* ReviewViewController.swift */ = {isa = PBXFileReference; lastKnownFileType = sourcecode.swift; path = ReviewViewController.swift; sourceTree = "<group>"; };
		BA079E4126CFC1BF006E1EE2 /* ReviewViewController.xib */ = {isa = PBXFileReference; lastKnownFileType = file.xib; path = ReviewViewController.xib; sourceTree = "<group>"; };
		BA079E4526CFC247006E1EE2 /* ReviewTableViewCell.swift */ = {isa = PBXFileReference; lastKnownFileType = sourcecode.swift; path = ReviewTableViewCell.swift; sourceTree = "<group>"; };
		BA079E4626CFC247006E1EE2 /* ReviewTableViewCell.xib */ = {isa = PBXFileReference; lastKnownFileType = file.xib; path = ReviewTableViewCell.xib; sourceTree = "<group>"; };
		BA079E4926CFC469006E1EE2 /* MovieReviewViewModel.swift */ = {isa = PBXFileReference; lastKnownFileType = sourcecode.swift; path = MovieReviewViewModel.swift; sourceTree = "<group>"; };
		BA079E4B26CFC488006E1EE2 /* MovieReviewModel.swift */ = {isa = PBXFileReference; lastKnownFileType = sourcecode.swift; path = MovieReviewModel.swift; sourceTree = "<group>"; };
		BAAB66F826CCD6D900CC0C6C /* CariPilem.app */ = {isa = PBXFileReference; explicitFileType = wrapper.application; includeInIndex = 0; path = CariPilem.app; sourceTree = BUILT_PRODUCTS_DIR; };
		BAAB66FB26CCD6D900CC0C6C /* AppDelegate.swift */ = {isa = PBXFileReference; lastKnownFileType = sourcecode.swift; path = AppDelegate.swift; sourceTree = "<group>"; };
		BAAB66FD26CCD6D900CC0C6C /* SceneDelegate.swift */ = {isa = PBXFileReference; lastKnownFileType = sourcecode.swift; path = SceneDelegate.swift; sourceTree = "<group>"; };
		BAAB66FF26CCD6D900CC0C6C /* GenreViewController.swift */ = {isa = PBXFileReference; lastKnownFileType = sourcecode.swift; path = GenreViewController.swift; sourceTree = "<group>"; };
		BAAB670226CCD6D900CC0C6C /* Base */ = {isa = PBXFileReference; lastKnownFileType = file.storyboard; name = Base; path = Base.lproj/Main.storyboard; sourceTree = "<group>"; };
		BAAB670426CCD6DC00CC0C6C /* Assets.xcassets */ = {isa = PBXFileReference; lastKnownFileType = folder.assetcatalog; path = Assets.xcassets; sourceTree = "<group>"; };
		BAAB670726CCD6DC00CC0C6C /* Base */ = {isa = PBXFileReference; lastKnownFileType = file.storyboard; name = Base; path = Base.lproj/LaunchScreen.storyboard; sourceTree = "<group>"; };
		BAAB670926CCD6DC00CC0C6C /* Info.plist */ = {isa = PBXFileReference; lastKnownFileType = text.plist.xml; path = Info.plist; sourceTree = "<group>"; };
		BAAB670F26CCDB3100CC0C6C /* Networking.swift */ = {isa = PBXFileReference; lastKnownFileType = sourcecode.swift; path = Networking.swift; sourceTree = "<group>"; };
		BAAB671226CCDD8B00CC0C6C /* MovieGenreViewModel.swift */ = {isa = PBXFileReference; lastKnownFileType = sourcecode.swift; path = MovieGenreViewModel.swift; sourceTree = "<group>"; };
		BAAB671426CCDE1300CC0C6C /* Constants.swift */ = {isa = PBXFileReference; lastKnownFileType = sourcecode.swift; path = Constants.swift; sourceTree = "<group>"; };
		BAAB671826CCDE9D00CC0C6C /* MovieGenreModel.swift */ = {isa = PBXFileReference; lastKnownFileType = sourcecode.swift; path = MovieGenreModel.swift; sourceTree = "<group>"; };
		BAAB671B26CCF84900CC0C6C /* HomeViewController.swift */ = {isa = PBXFileReference; lastKnownFileType = sourcecode.swift; path = HomeViewController.swift; sourceTree = "<group>"; };
		BAAB671D26CD09C900CC0C6C /* MovieListModel.swift */ = {isa = PBXFileReference; lastKnownFileType = sourcecode.swift; path = MovieListModel.swift; sourceTree = "<group>"; };
		BAAB671F26CD0B7E00CC0C6C /* MovieListViewModel.swift */ = {isa = PBXFileReference; lastKnownFileType = sourcecode.swift; path = MovieListViewModel.swift; sourceTree = "<group>"; };
		BAAB672426CD262500CC0C6C /* GenreViewController.xib */ = {isa = PBXFileReference; lastKnownFileType = file.xib; path = GenreViewController.xib; sourceTree = "<group>"; };
		BAAB672926CE259100CC0C6C /* MovieTableViewCell.swift */ = {isa = PBXFileReference; lastKnownFileType = sourcecode.swift; path = MovieTableViewCell.swift; sourceTree = "<group>"; };
		BAAB672A26CE259100CC0C6C /* MovieTableViewCell.xib */ = {isa = PBXFileReference; lastKnownFileType = file.xib; path = MovieTableViewCell.xib; sourceTree = "<group>"; };
		BAAB672D26CE96F400CC0C6C /* MovieDetailViewController.swift */ = {isa = PBXFileReference; lastKnownFileType = sourcecode.swift; path = MovieDetailViewController.swift; sourceTree = "<group>"; };
		BAAB672E26CE96F400CC0C6C /* MovieDetailViewController.xib */ = {isa = PBXFileReference; lastKnownFileType = file.xib; path = MovieDetailViewController.xib; sourceTree = "<group>"; };
		BAAB673126CF8C8500CC0C6C /* MovieDetailViewModel.swift */ = {isa = PBXFileReference; lastKnownFileType = sourcecode.swift; path = MovieDetailViewModel.swift; sourceTree = "<group>"; };
		BAAB673326CF8CCA00CC0C6C /* MovieDetailModel.swift */ = {isa = PBXFileReference; lastKnownFileType = sourcecode.swift; path = MovieDetailModel.swift; sourceTree = "<group>"; };
		C90BAFB86FFD59BED85008FB /* Pods_CariPilem.framework */ = {isa = PBXFileReference; explicitFileType = wrapper.framework; includeInIndex = 0; path = Pods_CariPilem.framework; sourceTree = BUILT_PRODUCTS_DIR; };
		DA8580E5646EEABA6F864381 /* Pods-CariPilem.release.xcconfig */ = {isa = PBXFileReference; includeInIndex = 1; lastKnownFileType = text.xcconfig; name = "Pods-CariPilem.release.xcconfig"; path = "Target Support Files/Pods-CariPilem/Pods-CariPilem.release.xcconfig"; sourceTree = "<group>"; };
/* End PBXFileReference section */

/* Begin PBXFrameworksBuildPhase section */
		BAAB66F526CCD6D900CC0C6C /* Frameworks */ = {
			isa = PBXFrameworksBuildPhase;
			buildActionMask = 2147483647;
			files = (
				673D6F0BF824449DD80D5470 /* Pods_CariPilem.framework in Frameworks */,
			);
			runOnlyForDeploymentPostprocessing = 0;
		};
/* End PBXFrameworksBuildPhase section */

/* Begin PBXGroup section */
		57632F2F2F6E80469571BF8F /* Frameworks */ = {
			isa = PBXGroup;
			children = (
				C90BAFB86FFD59BED85008FB /* Pods_CariPilem.framework */,
			);
			name = Frameworks;
			sourceTree = "<group>";
		};
		A6F9338D873B927AEBBC0FAA /* Pods */ = {
			isa = PBXGroup;
			children = (
				A3D75F49E46A0AEFD6BCEC58 /* Pods-CariPilem.debug.xcconfig */,
				DA8580E5646EEABA6F864381 /* Pods-CariPilem.release.xcconfig */,
			);
			path = Pods;
			sourceTree = "<group>";
		};
		BA079E3726CF9EE0006E1EE2 /* Home */ = {
			isa = PBXGroup;
			children = (
				BAAB672826CE257C00CC0C6C /* Cell */,
				BAAB671B26CCF84900CC0C6C /* HomeViewController.swift */,
			);
			path = Home;
			sourceTree = "<group>";
		};
		BA079E3826CF9EF4006E1EE2 /* Genre */ = {
			isa = PBXGroup;
			children = (
				BAAB66FF26CCD6D900CC0C6C /* GenreViewController.swift */,
				BAAB672426CD262500CC0C6C /* GenreViewController.xib */,
			);
			path = Genre;
			sourceTree = "<group>";
		};
		BA079E3926CF9F00006E1EE2 /* Movie Detail */ = {
			isa = PBXGroup;
			children = (
				BAAB672D26CE96F400CC0C6C /* MovieDetailViewController.swift */,
				BAAB672E26CE96F400CC0C6C /* MovieDetailViewController.xib */,
			);
			path = "Movie Detail";
			sourceTree = "<group>";
		};
		BA079E3F26CFC1A6006E1EE2 /* Review */ = {
			isa = PBXGroup;
			children = (
				BA079E4426CFC233006E1EE2 /* Cell */,
				BA079E4026CFC1BF006E1EE2 /* ReviewViewController.swift */,
				BA079E4126CFC1BF006E1EE2 /* ReviewViewController.xib */,
			);
			path = Review;
			sourceTree = "<group>";
		};
		BA079E4426CFC233006E1EE2 /* Cell */ = {
			isa = PBXGroup;
			children = (
				BA079E4526CFC247006E1EE2 /* ReviewTableViewCell.swift */,
				BA079E4626CFC247006E1EE2 /* ReviewTableViewCell.xib */,
			);
			path = Cell;
			sourceTree = "<group>";
		};
		BAAB66EF26CCD6D900CC0C6C = {
			isa = PBXGroup;
			children = (
				BAAB66FA26CCD6D900CC0C6C /* CariPilem */,
				BAAB66F926CCD6D900CC0C6C /* Products */,
				A6F9338D873B927AEBBC0FAA /* Pods */,
				57632F2F2F6E80469571BF8F /* Frameworks */,
			);
			sourceTree = "<group>";
		};
		BAAB66F926CCD6D900CC0C6C /* Products */ = {
			isa = PBXGroup;
			children = (
				BAAB66F826CCD6D900CC0C6C /* CariPilem.app */,
			);
			name = Products;
			sourceTree = "<group>";
		};
		BAAB66FA26CCD6D900CC0C6C /* CariPilem */ = {
			isa = PBXGroup;
			children = (
				BAAB66FB26CCD6D900CC0C6C /* AppDelegate.swift */,
				BAAB66FD26CCD6D900CC0C6C /* SceneDelegate.swift */,
				BAAB671A26CCF26600CC0C6C /* View */,
				BAAB671726CCDE8E00CC0C6C /* Model */,
				BAAB671626CCDE7C00CC0C6C /* Helpers */,
				BAAB671126CCDCC200CC0C6C /* ViewModel */,
				BAAB670126CCD6D900CC0C6C /* Main.storyboard */,
				BAAB670426CCD6DC00CC0C6C /* Assets.xcassets */,
				BAAB670626CCD6DC00CC0C6C /* LaunchScreen.storyboard */,
				BAAB670926CCD6DC00CC0C6C /* Info.plist */,
			);
			path = CariPilem;
			sourceTree = "<group>";
		};
		BAAB671126CCDCC200CC0C6C /* ViewModel */ = {
			isa = PBXGroup;
			children = (
				BAAB671226CCDD8B00CC0C6C /* MovieGenreViewModel.swift */,
				BAAB671F26CD0B7E00CC0C6C /* MovieListViewModel.swift */,
				BAAB673126CF8C8500CC0C6C /* MovieDetailViewModel.swift */,
				BA079E4926CFC469006E1EE2 /* MovieReviewViewModel.swift */,
			);
			path = ViewModel;
			sourceTree = "<group>";
		};
		BAAB671626CCDE7C00CC0C6C /* Helpers */ = {
			isa = PBXGroup;
			children = (
				BAAB670F26CCDB3100CC0C6C /* Networking.swift */,
				BAAB671426CCDE1300CC0C6C /* Constants.swift */,
			);
			path = Helpers;
			sourceTree = "<group>";
		};
		BAAB671726CCDE8E00CC0C6C /* Model */ = {
			isa = PBXGroup;
			children = (
				BAAB671826CCDE9D00CC0C6C /* MovieGenreModel.swift */,
				BAAB671D26CD09C900CC0C6C /* MovieListModel.swift */,
				BAAB673326CF8CCA00CC0C6C /* MovieDetailModel.swift */,
				BA079E4B26CFC488006E1EE2 /* MovieReviewModel.swift */,
			);
			path = Model;
			sourceTree = "<group>";
		};
		BAAB671A26CCF26600CC0C6C /* View */ = {
			isa = PBXGroup;
			children = (
				BA079E3F26CFC1A6006E1EE2 /* Review */,
				BA079E3726CF9EE0006E1EE2 /* Home */,
				BA079E3826CF9EF4006E1EE2 /* Genre */,
				BA079E3926CF9F00006E1EE2 /* Movie Detail */,
			);
			path = View;
			sourceTree = "<group>";
		};
		BAAB672826CE257C00CC0C6C /* Cell */ = {
			isa = PBXGroup;
			children = (
				BAAB672926CE259100CC0C6C /* MovieTableViewCell.swift */,
				BAAB672A26CE259100CC0C6C /* MovieTableViewCell.xib */,
			);
			path = Cell;
			sourceTree = "<group>";
		};
/* End PBXGroup section */

/* Begin PBXNativeTarget section */
		BAAB66F726CCD6D900CC0C6C /* CariPilem */ = {
			isa = PBXNativeTarget;
			buildConfigurationList = BAAB670C26CCD6DC00CC0C6C /* Build configuration list for PBXNativeTarget "CariPilem" */;
			buildPhases = (
				CCF6C0F1ABEBCCEDB9105786 /* [CP] Check Pods Manifest.lock */,
				BAAB66F426CCD6D900CC0C6C /* Sources */,
				BAAB66F526CCD6D900CC0C6C /* Frameworks */,
				BAAB66F626CCD6D900CC0C6C /* Resources */,
				36B7B3AA6D55A3F0B252EB30 /* [CP] Embed Pods Frameworks */,
			);
			buildRules = (
			);
			dependencies = (
			);
			name = CariPilem;
			productName = CariPilem;
			productReference = BAAB66F826CCD6D900CC0C6C /* CariPilem.app */;
			productType = "com.apple.product-type.application";
		};
/* End PBXNativeTarget section */

/* Begin PBXProject section */
		BAAB66F026CCD6D900CC0C6C /* Project object */ = {
			isa = PBXProject;
			attributes = {
				LastSwiftUpdateCheck = 1250;
				LastUpgradeCheck = 1250;
				TargetAttributes = {
					BAAB66F726CCD6D900CC0C6C = {
						CreatedOnToolsVersion = 12.5.1;
					};
				};
			};
			buildConfigurationList = BAAB66F326CCD6D900CC0C6C /* Build configuration list for PBXProject "CariPilem" */;
			compatibilityVersion = "Xcode 9.3";
			developmentRegion = en;
			hasScannedForEncodings = 0;
			knownRegions = (
				en,
				Base,
			);
			mainGroup = BAAB66EF26CCD6D900CC0C6C;
			productRefGroup = BAAB66F926CCD6D900CC0C6C /* Products */;
			projectDirPath = "";
			projectRoot = "";
			targets = (
				BAAB66F726CCD6D900CC0C6C /* CariPilem */,
			);
		};
/* End PBXProject section */

/* Begin PBXResourcesBuildPhase section */
		BAAB66F626CCD6D900CC0C6C /* Resources */ = {
			isa = PBXResourcesBuildPhase;
			buildActionMask = 2147483647;
			files = (
				BAAB673026CE96F400CC0C6C /* MovieDetailViewController.xib in Resources */,
				BAAB672726CD298B00CC0C6C /* GenreViewController.xib in Resources */,
				BAAB672C26CE259100CC0C6C /* MovieTableViewCell.xib in Resources */,
				BA079E4326CFC1BF006E1EE2 /* ReviewViewController.xib in Resources */,
				BAAB670826CCD6DC00CC0C6C /* LaunchScreen.storyboard in Resources */,
				BA079E4826CFC247006E1EE2 /* ReviewTableViewCell.xib in Resources */,
				BAAB670526CCD6DC00CC0C6C /* Assets.xcassets in Resources */,
				BAAB670326CCD6D900CC0C6C /* Main.storyboard in Resources */,
			);
			runOnlyForDeploymentPostprocessing = 0;
		};
/* End PBXResourcesBuildPhase section */

/* Begin PBXShellScriptBuildPhase section */
		36B7B3AA6D55A3F0B252EB30 /* [CP] Embed Pods Frameworks */ = {
			isa = PBXShellScriptBuildPhase;
			buildActionMask = 2147483647;
			files = (
			);
			inputFileListPaths = (
				"${PODS_ROOT}/Target Support Files/Pods-CariPilem/Pods-CariPilem-frameworks-${CONFIGURATION}-input-files.xcfilelist",
			);
			name = "[CP] Embed Pods Frameworks";
			outputFileListPaths = (
				"${PODS_ROOT}/Target Support Files/Pods-CariPilem/Pods-CariPilem-frameworks-${CONFIGURATION}-output-files.xcfilelist",
			);
			runOnlyForDeploymentPostprocessing = 0;
			shellPath = /bin/sh;
			shellScript = "\"${PODS_ROOT}/Target Support Files/Pods-CariPilem/Pods-CariPilem-frameworks.sh\"\n";
			showEnvVarsInLog = 0;
		};
		CCF6C0F1ABEBCCEDB9105786 /* [CP] Check Pods Manifest.lock */ = {
			isa = PBXShellScriptBuildPhase;
			buildActionMask = 2147483647;
			files = (
			);
			inputFileListPaths = (
			);
			inputPaths = (
				"${PODS_PODFILE_DIR_PATH}/Podfile.lock",
				"${PODS_ROOT}/Manifest.lock",
			);
			name = "[CP] Check Pods Manifest.lock";
			outputFileListPaths = (
			);
			outputPaths = (
				"$(DERIVED_FILE_DIR)/Pods-CariPilem-checkManifestLockResult.txt",
			);
			runOnlyForDeploymentPostprocessing = 0;
			shellPath = /bin/sh;
			shellScript = "diff \"${PODS_PODFILE_DIR_PATH}/Podfile.lock\" \"${PODS_ROOT}/Manifest.lock\" > /dev/null\nif [ $? != 0 ] ; then\n    # print error to STDERR\n    echo \"error: The sandbox is not in sync with the Podfile.lock. Run 'pod install' or update your CocoaPods installation.\" >&2\n    exit 1\nfi\n# This output is used by Xcode 'outputs' to avoid re-running this script phase.\necho \"SUCCESS\" > \"${SCRIPT_OUTPUT_FILE_0}\"\n";
			showEnvVarsInLog = 0;
		};
/* End PBXShellScriptBuildPhase section */

/* Begin PBXSourcesBuildPhase section */
		BAAB66F426CCD6D900CC0C6C /* Sources */ = {
			isa = PBXSourcesBuildPhase;
			buildActionMask = 2147483647;
			files = (
				BAAB671E26CD09C900CC0C6C /* MovieListModel.swift in Sources */,
				BAAB670026CCD6D900CC0C6C /* GenreViewController.swift in Sources */,
				BA079E4A26CFC469006E1EE2 /* MovieReviewViewModel.swift in Sources */,
				BA079E4226CFC1BF006E1EE2 /* ReviewViewController.swift in Sources */,
				BAAB66FC26CCD6D900CC0C6C /* AppDelegate.swift in Sources */,
				BAAB671326CCDD8B00CC0C6C /* MovieGenreViewModel.swift in Sources */,
				BAAB672F26CE96F400CC0C6C /* MovieDetailViewController.swift in Sources */,
				BAAB673226CF8C8500CC0C6C /* MovieDetailViewModel.swift in Sources */,
				BAAB671C26CCF84900CC0C6C /* HomeViewController.swift in Sources */,
				BAAB66FE26CCD6D900CC0C6C /* SceneDelegate.swift in Sources */,
				BA079E4726CFC247006E1EE2 /* ReviewTableViewCell.swift in Sources */,
				BAAB671026CCDB3100CC0C6C /* Networking.swift in Sources */,
				BAAB671526CCDE1300CC0C6C /* Constants.swift in Sources */,
				BAAB671926CCDE9D00CC0C6C /* MovieGenreModel.swift in Sources */,
				BAAB672B26CE259100CC0C6C /* MovieTableViewCell.swift in Sources */,
				BAAB672026CD0B7E00CC0C6C /* MovieListViewModel.swift in Sources */,
				BA079E4C26CFC488006E1EE2 /* MovieReviewModel.swift in Sources */,
				BAAB673426CF8CCA00CC0C6C /* MovieDetailModel.swift in Sources */,
			);
			runOnlyForDeploymentPostprocessing = 0;
		};
/* End PBXSourcesBuildPhase section */

/* Begin PBXVariantGroup section */
		BAAB670126CCD6D900CC0C6C /* Main.storyboard */ = {
			isa = PBXVariantGroup;
			children = (
				BAAB670226CCD6D900CC0C6C /* Base */,
			);
			name = Main.storyboard;
			sourceTree = "<group>";
		};
		BAAB670626CCD6DC00CC0C6C /* LaunchScreen.storyboard */ = {
			isa = PBXVariantGroup;
			children = (
				BAAB670726CCD6DC00CC0C6C /* Base */,
			);
			name = LaunchScreen.storyboard;
			sourceTree = "<group>";
		};
/* End PBXVariantGroup section */

/* Begin XCBuildConfiguration section */
		BAAB670A26CCD6DC00CC0C6C /* Debug */ = {
			isa = XCBuildConfiguration;
			buildSettings = {
				ALWAYS_SEARCH_USER_PATHS = NO;
				CLANG_ANALYZER_NONNULL = YES;
				CLANG_ANALYZER_NUMBER_OBJECT_CONVERSION = YES_AGGRESSIVE;
				CLANG_CXX_LANGUAGE_STANDARD = "gnu++14";
				CLANG_CXX_LIBRARY = "libc++";
				CLANG_ENABLE_MODULES = YES;
				CLANG_ENABLE_OBJC_ARC = YES;
				CLANG_ENABLE_OBJC_WEAK = YES;
				CLANG_WARN_BLOCK_CAPTURE_AUTORELEASING = YES;
				CLANG_WARN_BOOL_CONVERSION = YES;
				CLANG_WARN_COMMA = YES;
				CLANG_WARN_CONSTANT_CONVERSION = YES;
				CLANG_WARN_DEPRECATED_OBJC_IMPLEMENTATIONS = YES;
				CLANG_WARN_DIRECT_OBJC_ISA_USAGE = YES_ERROR;
				CLANG_WARN_DOCUMENTATION_COMMENTS = YES;
				CLANG_WARN_EMPTY_BODY = YES;
				CLANG_WARN_ENUM_CONVERSION = YES;
				CLANG_WARN_INFINITE_RECURSION = YES;
				CLANG_WARN_INT_CONVERSION = YES;
				CLANG_WARN_NON_LITERAL_NULL_CONVERSION = YES;
				CLANG_WARN_OBJC_IMPLICIT_RETAIN_SELF = YES;
				CLANG_WARN_OBJC_LITERAL_CONVERSION = YES;
				CLANG_WARN_OBJC_ROOT_CLASS = YES_ERROR;
				CLANG_WARN_QUOTED_INCLUDE_IN_FRAMEWORK_HEADER = YES;
				CLANG_WARN_RANGE_LOOP_ANALYSIS = YES;
				CLANG_WARN_STRICT_PROTOTYPES = YES;
				CLANG_WARN_SUSPICIOUS_MOVE = YES;
				CLANG_WARN_UNGUARDED_AVAILABILITY = YES_AGGRESSIVE;
				CLANG_WARN_UNREACHABLE_CODE = YES;
				CLANG_WARN__DUPLICATE_METHOD_MATCH = YES;
				COPY_PHASE_STRIP = NO;
				DEBUG_INFORMATION_FORMAT = dwarf;
				ENABLE_STRICT_OBJC_MSGSEND = YES;
				ENABLE_TESTABILITY = YES;
				GCC_C_LANGUAGE_STANDARD = gnu11;
				GCC_DYNAMIC_NO_PIC = NO;
				GCC_NO_COMMON_BLOCKS = YES;
				GCC_OPTIMIZATION_LEVEL = 0;
				GCC_PREPROCESSOR_DEFINITIONS = (
					"DEBUG=1",
					"$(inherited)",
				);
				GCC_WARN_64_TO_32_BIT_CONVERSION = YES;
				GCC_WARN_ABOUT_RETURN_TYPE = YES_ERROR;
				GCC_WARN_UNDECLARED_SELECTOR = YES;
				GCC_WARN_UNINITIALIZED_AUTOS = YES_AGGRESSIVE;
				GCC_WARN_UNUSED_FUNCTION = YES;
				GCC_WARN_UNUSED_VARIABLE = YES;
				IPHONEOS_DEPLOYMENT_TARGET = 14.5;
				MTL_ENABLE_DEBUG_INFO = INCLUDE_SOURCE;
				MTL_FAST_MATH = YES;
				ONLY_ACTIVE_ARCH = YES;
				SDKROOT = iphoneos;
				SWIFT_ACTIVE_COMPILATION_CONDITIONS = DEBUG;
				SWIFT_OPTIMIZATION_LEVEL = "-Onone";
			};
			name = Debug;
		};
		BAAB670B26CCD6DC00CC0C6C /* Release */ = {
			isa = XCBuildConfiguration;
			buildSettings = {
				ALWAYS_SEARCH_USER_PATHS = NO;
				CLANG_ANALYZER_NONNULL = YES;
				CLANG_ANALYZER_NUMBER_OBJECT_CONVERSION = YES_AGGRESSIVE;
				CLANG_CXX_LANGUAGE_STANDARD = "gnu++14";
				CLANG_CXX_LIBRARY = "libc++";
				CLANG_ENABLE_MODULES = YES;
				CLANG_ENABLE_OBJC_ARC = YES;
				CLANG_ENABLE_OBJC_WEAK = YES;
				CLANG_WARN_BLOCK_CAPTURE_AUTORELEASING = YES;
				CLANG_WARN_BOOL_CONVERSION = YES;
				CLANG_WARN_COMMA = YES;
				CLANG_WARN_CONSTANT_CONVERSION = YES;
				CLANG_WARN_DEPRECATED_OBJC_IMPLEMENTATIONS = YES;
				CLANG_WARN_DIRECT_OBJC_ISA_USAGE = YES_ERROR;
				CLANG_WARN_DOCUMENTATION_COMMENTS = YES;
				CLANG_WARN_EMPTY_BODY = YES;
				CLANG_WARN_ENUM_CONVERSION = YES;
				CLANG_WARN_INFINITE_RECURSION = YES;
				CLANG_WARN_INT_CONVERSION = YES;
				CLANG_WARN_NON_LITERAL_NULL_CONVERSION = YES;
				CLANG_WARN_OBJC_IMPLICIT_RETAIN_SELF = YES;
				CLANG_WARN_OBJC_LITERAL_CONVERSION = YES;
				CLANG_WARN_OBJC_ROOT_CLASS = YES_ERROR;
				CLANG_WARN_QUOTED_INCLUDE_IN_FRAMEWORK_HEADER = YES;
				CLANG_WARN_RANGE_LOOP_ANALYSIS = YES;
				CLANG_WARN_STRICT_PROTOTYPES = YES;
				CLANG_WARN_SUSPICIOUS_MOVE = YES;
				CLANG_WARN_UNGUARDED_AVAILABILITY = YES_AGGRESSIVE;
				CLANG_WARN_UNREACHABLE_CODE = YES;
				CLANG_WARN__DUPLICATE_METHOD_MATCH = YES;
				COPY_PHASE_STRIP = NO;
				DEBUG_INFORMATION_FORMAT = "dwarf-with-dsym";
				ENABLE_NS_ASSERTIONS = NO;
				ENABLE_STRICT_OBJC_MSGSEND = YES;
				GCC_C_LANGUAGE_STANDARD = gnu11;
				GCC_NO_COMMON_BLOCKS = YES;
				GCC_WARN_64_TO_32_BIT_CONVERSION = YES;
				GCC_WARN_ABOUT_RETURN_TYPE = YES_ERROR;
				GCC_WARN_UNDECLARED_SELECTOR = YES;
				GCC_WARN_UNINITIALIZED_AUTOS = YES_AGGRESSIVE;
				GCC_WARN_UNUSED_FUNCTION = YES;
				GCC_WARN_UNUSED_VARIABLE = YES;
				IPHONEOS_DEPLOYMENT_TARGET = 14.5;
				MTL_ENABLE_DEBUG_INFO = NO;
				MTL_FAST_MATH = YES;
				SDKROOT = iphoneos;
				SWIFT_COMPILATION_MODE = wholemodule;
				SWIFT_OPTIMIZATION_LEVEL = "-O";
				VALIDATE_PRODUCT = YES;
			};
			name = Release;
		};
		BAAB670D26CCD6DC00CC0C6C /* Debug */ = {
			isa = XCBuildConfiguration;
			baseConfigurationReference = A3D75F49E46A0AEFD6BCEC58 /* Pods-CariPilem.debug.xcconfig */;
			buildSettings = {
				ASSETCATALOG_COMPILER_APPICON_NAME = AppIcon;
				ASSETCATALOG_COMPILER_GLOBAL_ACCENT_COLOR_NAME = AccentColor;
				CODE_SIGN_STYLE = Automatic;
				DEVELOPMENT_TEAM = PWC92C5B75;
				INFOPLIST_FILE = CariPilem/Info.plist;
				LD_RUNPATH_SEARCH_PATHS = (
					"$(inherited)",
					"@executable_path/Frameworks",
				);
				PRODUCT_BUNDLE_IDENTIFIER = com.gilangsinawang.CariPilem;
				PRODUCT_NAME = "$(TARGET_NAME)";
				SWIFT_VERSION = 5.0;
				TARGETED_DEVICE_FAMILY = "1,2";
			};
			name = Debug;
		};
		BAAB670E26CCD6DC00CC0C6C /* Release */ = {
			isa = XCBuildConfiguration;
			baseConfigurationReference = DA8580E5646EEABA6F864381 /* Pods-CariPilem.release.xcconfig */;
			buildSettings = {
				ASSETCATALOG_COMPILER_APPICON_NAME = AppIcon;
				ASSETCATALOG_COMPILER_GLOBAL_ACCENT_COLOR_NAME = AccentColor;
				CODE_SIGN_STYLE = Automatic;
				DEVELOPMENT_TEAM = PWC92C5B75;
				INFOPLIST_FILE = CariPilem/Info.plist;
				LD_RUNPATH_SEARCH_PATHS = (
					"$(inherited)",
					"@executable_path/Frameworks",
				);
				PRODUCT_BUNDLE_IDENTIFIER = com.gilangsinawang.CariPilem;
				PRODUCT_NAME = "$(TARGET_NAME)";
				SWIFT_VERSION = 5.0;
				TARGETED_DEVICE_FAMILY = "1,2";
			};
			name = Release;
		};
/* End XCBuildConfiguration section */

/* Begin XCConfigurationList section */
		BAAB66F326CCD6D900CC0C6C /* Build configuration list for PBXProject "CariPilem" */ = {
			isa = XCConfigurationList;
			buildConfigurations = (
				BAAB670A26CCD6DC00CC0C6C /* Debug */,
				BAAB670B26CCD6DC00CC0C6C /* Release */,
			);
			defaultConfigurationIsVisible = 0;
			defaultConfigurationName = Release;
		};
		BAAB670C26CCD6DC00CC0C6C /* Build configuration list for PBXNativeTarget "CariPilem" */ = {
			isa = XCConfigurationList;
			buildConfigurations = (
				BAAB670D26CCD6DC00CC0C6C /* Debug */,
				BAAB670E26CCD6DC00CC0C6C /* Release */,
			);
			defaultConfigurationIsVisible = 0;
			defaultConfigurationName = Release;
		};
/* End XCConfigurationList section */
	};
	rootObject = BAAB66F026CCD6D900CC0C6C /* Project object */;
}
